
Microsoft Visual Studio Solution File, Format Version 12.00
# Visual Studio Version 16
VisualStudioVersion = 16.0.30907.101
MinimumVisualStudioVersion = 10.0.40219.1
Project("{FAE04EC0-301F-11D3-BF4B-00C04F79EFBC}") = "OCL2-Proyecto2-201800586", "OCL2-Proyecto2-201800586\OCL2-Proyecto2-201800586.csproj", "{5F09A50A-C64F-47BB-8611-639B0754E27E}"
EndProject
Global
	GlobalSection(SolutionConfigurationPlatforms) = preSolution
		Debug|Any CPU = Debug|Any CPU
		Release|Any CPU = Release|Any CPU
	EndGlobalSection
	GlobalSection(ProjectConfigurationPlatforms) = postSolution
		{5F09A50A-C64F-47BB-8611-639B0754E27E}.Debug|Any CPU.ActiveCfg = Debug|Any CPU
		{5F09A50A-C64F-47BB-8611-639B0754E27E}.Debug|Any CPU.Build.0 = Debug|Any CPU
		{5F09A50A-C64F-47BB-8611-639B0754E27E}.Release|Any CPU.ActiveCfg = Release|Any CPU
		{5F09A50A-C64F-47BB-8611-639B0754E27E}.Release|Any CPU.Build.0 = Release|Any CPU
	EndGlobalSection
	GlobalSection(SolutionProperties) = preSolution
		HideSolutionNode = FALSE
	EndGlobalSection
	GlobalSection(ExtensibilityGlobals) = postSolution
		SolutionGuid = {9EB94F5E-F74A-49FC-A191-59E2B9D5EF42}
	EndGlobalSection
EndGlobal
